
Microsoft Visual Studio Solution File, Format Version 12.00
# Visual Studio Version 16
VisualStudioVersion = 16.0.31702.278
MinimumVisualStudioVersion = 10.0.40219.1
Project("{FAE04EC0-301F-11D3-BF4B-00C04F79EFBC}") = "ConsoleApp", "ConsoleApp\ConsoleApp.csproj", "{63C6F942-4234-4A36-AD55-6A1B1C5FAF72}"
EndProject
Project("{FAE04EC0-301F-11D3-BF4B-00C04F79EFBC}") = "ClassLibrary", "ClassLibrary\ClassLibrary.csproj", "{5BD97858-B4D8-4D97-B873-D8A1B91F5E74}"
EndProject
Global
	GlobalSection(SolutionConfigurationPlatforms) = preSolution
		Debug|Any CPU = Debug|Any CPU
		Release|Any CPU = Release|Any CPU
	EndGlobalSection
	GlobalSection(ProjectConfigurationPlatforms) = postSolution
		{63C6F942-4234-4A36-AD55-6A1B1C5FAF72}.Debug|Any CPU.ActiveCfg = Debug|Any CPU
		{63C6F942-4234-4A36-AD55-6A1B1C5FAF72}.Debug|Any CPU.Build.0 = Debug|Any CPU
		{63C6F942-4234-4A36-AD55-6A1B1C5FAF72}.Release|Any CPU.ActiveCfg = Release|Any CPU
		{63C6F942-4234-4A36-AD55-6A1B1C5FAF72}.Release|Any CPU.Build.0 = Release|Any CPU
		{5BD97858-B4D8-4D97-B873-D8A1B91F5E74}.Debug|Any CPU.ActiveCfg = Debug|Any CPU
		{5BD97858-B4D8-4D97-B873-D8A1B91F5E74}.Debug|Any CPU.Build.0 = Debug|Any CPU
		{5BD97858-B4D8-4D97-B873-D8A1B91F5E74}.Release|Any CPU.ActiveCfg = Release|Any CPU
		{5BD97858-B4D8-4D97-B873-D8A1B91F5E74}.Release|Any CPU.Build.0 = Release|Any CPU
	EndGlobalSection
	GlobalSection(SolutionProperties) = preSolution
		HideSolutionNode = FALSE
	EndGlobalSection
	GlobalSection(ExtensibilityGlobals) = postSolution
		SolutionGuid = {E14A0623-720C-4BA2-884D-B48CA3843997}
	EndGlobalSection
EndGlobal
